
Microsoft Visual Studio Solution File, Format Version 12.00
# Visual Studio Version 17
VisualStudioVersion = 17.4.32804.182
MinimumVisualStudioVersion = 10.0.40219.1
Project("{9A19103F-16F7-4668-BE54-9A1E7A4F7556}") = "gamevault", "gamevault\gamevault.csproj", "{4B99B996-4FBE-400C-B905-73ECA8BC2E7C}"
EndProject
Project("{FAE04EC0-301F-11D3-BF4B-00C04F79EFBC}") = "GameVault.Core", "GameVault.Core\GameVault.Core.csproj", "{4B05D23E-2ECB-43AE-AE02-3484E6ABFF94}"
EndProject
Project("{FAE04EC0-301F-11D3-BF4B-00C04F79EFBC}") = "GameVault.Core.Tests", "GameVault.Core.Tests\GameVault.Core.Tests.csproj", "{BBEE5830-0A3F-482F-B8AE-47673290448B}"
EndProject
Project("{FAE04EC0-301F-11D3-BF4B-00C04F79EFBC}") = "GameVault.UiTests", "GameVault.UiTests\GameVault.UiTests.csproj", "{30AFBE14-4A04-4B22-A9FB-E49576094947}"
EndProject
Project("{FAE04EC0-301F-11D3-BF4B-00C04F79EFBC}") = "GameVault.Uploader", "GameVault.Uploader\GameVault.Uploader.csproj", "{85F5317B-BD70-4889-95B1-214E7A01E292}"
EndProject
Project("{FAE04EC0-301F-11D3-BF4B-00C04F79EFBC}") = "GameVault.Uploader.Tests", "GameVault.Uploader.Tests\GameVault.Uploader.Tests.csproj", "{B6CAACC3-7B11-4EF6-9D0F-742B0FC57A80}"
EndProject
Global
	GlobalSection(SolutionConfigurationPlatforms) = preSolution
		Debug|Any CPU = Debug|Any CPU
		Debug|ARM = Debug|ARM
		Debug|ARM64 = Debug|ARM64
		Debug|x64 = Debug|x64
		Debug|x86 = Debug|x86
		Release|Any CPU = Release|Any CPU
		Release|ARM = Release|ARM
		Release|ARM64 = Release|ARM64
		Release|x64 = Release|x64
		Release|x86 = Release|x86
	EndGlobalSection
	GlobalSection(ProjectConfigurationPlatforms) = postSolution
		{4B99B996-4FBE-400C-B905-73ECA8BC2E7C}.Debug|Any CPU.ActiveCfg = Debug|Any CPU
		{4B99B996-4FBE-400C-B905-73ECA8BC2E7C}.Debug|Any CPU.Build.0 = Debug|Any CPU
		{4B99B996-4FBE-400C-B905-73ECA8BC2E7C}.Debug|ARM.ActiveCfg = Debug|Any CPU
		{4B99B996-4FBE-400C-B905-73ECA8BC2E7C}.Debug|ARM.Build.0 = Debug|Any CPU
		{4B99B996-4FBE-400C-B905-73ECA8BC2E7C}.Debug|ARM64.ActiveCfg = Debug|Any CPU
		{4B99B996-4FBE-400C-B905-73ECA8BC2E7C}.Debug|ARM64.Build.0 = Debug|Any CPU
		{4B99B996-4FBE-400C-B905-73ECA8BC2E7C}.Debug|x64.ActiveCfg = Debug|x64
		{4B99B996-4FBE-400C-B905-73ECA8BC2E7C}.Debug|x64.Build.0 = Debug|x64
		{4B99B996-4FBE-400C-B905-73ECA8BC2E7C}.Debug|x86.ActiveCfg = Debug|Any CPU
		{4B99B996-4FBE-400C-B905-73ECA8BC2E7C}.Debug|x86.Build.0 = Debug|Any CPU
		{4B99B996-4FBE-400C-B905-73ECA8BC2E7C}.Release|Any CPU.ActiveCfg = Release|Any CPU
		{4B99B996-4FBE-400C-B905-73ECA8BC2E7C}.Release|Any CPU.Build.0 = Release|Any CPU
		{4B99B996-4FBE-400C-B905-73ECA8BC2E7C}.Release|ARM.ActiveCfg = Release|Any CPU
		{4B99B996-4FBE-400C-B905-73ECA8BC2E7C}.Release|ARM.Build.0 = Release|Any CPU
		{4B99B996-4FBE-400C-B905-73ECA8BC2E7C}.Release|ARM64.ActiveCfg = Release|Any CPU
		{4B99B996-4FBE-400C-B905-73ECA8BC2E7C}.Release|ARM64.Build.0 = Release|Any CPU
		{4B99B996-4FBE-400C-B905-73ECA8BC2E7C}.Release|x64.ActiveCfg = Release|x64
		{4B99B996-4FBE-400C-B905-73ECA8BC2E7C}.Release|x64.Build.0 = Release|x64
		{4B99B996-4FBE-400C-B905-73ECA8BC2E7C}.Release|x86.ActiveCfg = Release|Any CPU
		{4B99B996-4FBE-400C-B905-73ECA8BC2E7C}.Release|x86.Build.0 = Release|Any CPU
		{4B05D23E-2ECB-43AE-AE02-3484E6ABFF94}.Debug|Any CPU.ActiveCfg = Debug|Any CPU
		{4B05D23E-2ECB-43AE-AE02-3484E6ABFF94}.Debug|Any CPU.Build.0 = Debug|Any CPU
		{4B05D23E-2ECB-43AE-AE02-3484E6ABFF94}.Debug|ARM.ActiveCfg = Debug|Any CPU
		{4B05D23E-2ECB-43AE-AE02-3484E6ABFF94}.Debug|ARM.Build.0 = Debug|Any CPU
		{4B05D23E-2ECB-43AE-AE02-3484E6ABFF94}.Debug|ARM64.ActiveCfg = Debug|Any CPU
		{4B05D23E-2ECB-43AE-AE02-3484E6ABFF94}.Debug|ARM64.Build.0 = Debug|Any CPU
		{4B05D23E-2ECB-43AE-AE02-3484E6ABFF94}.Debug|x64.ActiveCfg = Debug|Any CPU
		{4B05D23E-2ECB-43AE-AE02-3484E6ABFF94}.Debug|x64.Build.0 = Debug|Any CPU
		{4B05D23E-2ECB-43AE-AE02-3484E6ABFF94}.Debug|x86.ActiveCfg = Debug|Any CPU
		{4B05D23E-2ECB-43AE-AE02-3484E6ABFF94}.Debug|x86.Build.0 = Debug|Any CPU
		{4B05D23E-2ECB-43AE-AE02-3484E6ABFF94}.Release|Any CPU.ActiveCfg = Release|Any CPU
		{4B05D23E-2ECB-43AE-AE02-3484E6ABFF94}.Release|Any CPU.Build.0 = Release|Any CPU
		{4B05D23E-2ECB-43AE-AE02-3484E6ABFF94}.Release|ARM.ActiveCfg = Release|Any CPU
		{4B05D23E-2ECB-43AE-AE02-3484E6ABFF94}.Release|ARM.Build.0 = Release|Any CPU
		{4B05D23E-2ECB-43AE-AE02-3484E6ABFF94}.Release|ARM64.ActiveCfg = Release|Any CPU
		{4B05D23E-2ECB-43AE-AE02-3484E6ABFF94}.Release|ARM64.Build.0 = Release|Any CPU
		{4B05D23E-2ECB-43AE-AE02-3484E6ABFF94}.Release|x64.ActiveCfg = Release|Any CPU
		{4B05D23E-2ECB-43AE-AE02-3484E6ABFF94}.Release|x64.Build.0 = Release|Any CPU
		{4B05D23E-2ECB-43AE-AE02-3484E6ABFF94}.Release|x86.ActiveCfg = Release|Any CPU
		{4B05D23E-2ECB-43AE-AE02-3484E6ABFF94}.Release|x86.Build.0 = Release|Any CPU
		{BBEE5830-0A3F-482F-B8AE-47673290448B}.Debug|Any CPU.ActiveCfg = Debug|Any CPU
		{BBEE5830-0A3F-482F-B8AE-47673290448B}.Debug|Any CPU.Build.0 = Debug|Any CPU
		{BBEE5830-0A3F-482F-B8AE-47673290448B}.Debug|ARM.ActiveCfg = Debug|Any CPU
		{BBEE5830-0A3F-482F-B8AE-47673290448B}.Debug|ARM.Build.0 = Debug|Any CPU
		{BBEE5830-0A3F-482F-B8AE-47673290448B}.Debug|ARM64.ActiveCfg = Debug|Any CPU
		{BBEE5830-0A3F-482F-B8AE-47673290448B}.Debug|ARM64.Build.0 = Debug|Any CPU
		{BBEE5830-0A3F-482F-B8AE-47673290448B}.Debug|x64.ActiveCfg = Debug|Any CPU
		{BBEE5830-0A3F-482F-B8AE-47673290448B}.Debug|x64.Build.0 = Debug|Any CPU
		{BBEE5830-0A3F-482F-B8AE-47673290448B}.Debug|x86.ActiveCfg = Debug|Any CPU
		{BBEE5830-0A3F-482F-B8AE-47673290448B}.Debug|x86.Build.0 = Debug|Any CPU
		{BBEE5830-0A3F-482F-B8AE-47673290448B}.Release|Any CPU.ActiveCfg = Release|Any CPU
		{BBEE5830-0A3F-482F-B8AE-47673290448B}.Release|Any CPU.Build.0 = Release|Any CPU
		{BBEE5830-0A3F-482F-B8AE-47673290448B}.Release|ARM.ActiveCfg = Release|Any CPU
		{BBEE5830-0A3F-482F-B8AE-47673290448B}.Release|ARM.Build.0 = Release|Any CPU
		{BBEE5830-0A3F-482F-B8AE-47673290448B}.Release|ARM64.ActiveCfg = Release|Any CPU
		{BBEE5830-0A3F-482F-B8AE-47673290448B}.Release|ARM64.Build.0 = Release|Any CPU
		{BBEE5830-0A3F-482F-B8AE-47673290448B}.Release|x64.ActiveCfg = Release|Any CPU
		{BBEE5830-0A3F-482F-B8AE-47673290448B}.Release|x64.Build.0 = Release|Any CPU
		{BBEE5830-0A3F-482F-B8AE-47673290448B}.Release|x86.ActiveCfg = Release|Any CPU
		{BBEE5830-0A3F-482F-B8AE-47673290448B}.Release|x86.Build.0 = Release|Any CPU
		{30AFBE14-4A04-4B22-A9FB-E49576094947}.Debug|Any CPU.ActiveCfg = Debug|Any CPU
		{30AFBE14-4A04-4B22-A9FB-E49576094947}.Debug|Any CPU.Build.0 = Debug|Any CPU
		{30AFBE14-4A04-4B22-A9FB-E49576094947}.Debug|ARM.ActiveCfg = Debug|Any CPU
		{30AFBE14-4A04-4B22-A9FB-E49576094947}.Debug|ARM.Build.0 = Debug|Any CPU
		{30AFBE14-4A04-4B22-A9FB-E49576094947}.Debug|ARM64.ActiveCfg = Debug|Any CPU
		{30AFBE14-4A04-4B22-A9FB-E49576094947}.Debug|ARM64.Build.0 = Debug|Any CPU
		{30AFBE14-4A04-4B22-A9FB-E49576094947}.Debug|x64.ActiveCfg = Debug|Any CPU
		{30AFBE14-4A04-4B22-A9FB-E49576094947}.Debug|x64.Build.0 = Debug|Any CPU
		{30AFBE14-4A04-4B22-A9FB-E49576094947}.Debug|x86.ActiveCfg = Debug|Any CPU
		{30AFBE14-4A04-4B22-A9FB-E49576094947}.Debug|x86.Build.0 = Debug|Any CPU
		{30AFBE14-4A04-4B22-A9FB-E49576094947}.Release|Any CPU.ActiveCfg = Release|Any CPU
		{30AFBE14-4A04-4B22-A9FB-E49576094947}.Release|Any CPU.Build.0 = Release|Any CPU
		{30AFBE14-4A04-4B22-A9FB-E49576094947}.Release|ARM.ActiveCfg = Release|Any CPU
		{30AFBE14-4A04-4B22-A9FB-E49576094947}.Release|ARM.Build.0 = Release|Any CPU
		{30AFBE14-4A04-4B22-A9FB-E49576094947}.Release|ARM64.ActiveCfg = Release|Any CPU
		{30AFBE14-4A04-4B22-A9FB-E49576094947}.Release|ARM64.Build.0 = Release|Any CPU
		{30AFBE14-4A04-4B22-A9FB-E49576094947}.Release|x64.ActiveCfg = Release|Any CPU
		{30AFBE14-4A04-4B22-A9FB-E49576094947}.Release|x64.Build.0 = Release|Any CPU
		{30AFBE14-4A04-4B22-A9FB-E49576094947}.Release|x86.ActiveCfg = Release|Any CPU
		{30AFBE14-4A04-4B22-A9FB-E49576094947}.Release|x86.Build.0 = Release|Any CPU
		{85F5317B-BD70-4889-95B1-214E7A01E292}.Debug|Any CPU.ActiveCfg = Debug|Any CPU
		{85F5317B-BD70-4889-95B1-214E7A01E292}.Debug|Any CPU.Build.0 = Debug|Any CPU
		{85F5317B-BD70-4889-95B1-214E7A01E292}.Debug|ARM.ActiveCfg = Debug|Any CPU
		{85F5317B-BD70-4889-95B1-214E7A01E292}.Debug|ARM.Build.0 = Debug|Any CPU
		{85F5317B-BD70-4889-95B1-214E7A01E292}.Debug|ARM64.ActiveCfg = Debug|Any CPU
		{85F5317B-BD70-4889-95B1-214E7A01E292}.Debug|ARM64.Build.0 = Debug|Any CPU
		{85F5317B-BD70-4889-95B1-214E7A01E292}.Debug|x64.ActiveCfg = Debug|Any CPU
		{85F5317B-BD70-4889-95B1-214E7A01E292}.Debug|x64.Build.0 = Debug|Any CPU
		{85F5317B-BD70-4889-95B1-214E7A01E292}.Debug|x86.ActiveCfg = Debug|Any CPU
		{85F5317B-BD70-4889-95B1-214E7A01E292}.Debug|x86.Build.0 = Debug|Any CPU
		{85F5317B-BD70-4889-95B1-214E7A01E292}.Release|Any CPU.ActiveCfg = Release|Any CPU
		{85F5317B-BD70-4889-95B1-214E7A01E292}.Release|Any CPU.Build.0 = Release|Any CPU
		{85F5317B-BD70-4889-95B1-214E7A01E292}.Release|ARM.ActiveCfg = Release|Any CPU
		{85F5317B-BD70-4889-95B1-214E7A01E292}.Release|ARM.Build.0 = Release|Any CPU
		{85F5317B-BD70-4889-95B1-214E7A01E292}.Release|ARM64.ActiveCfg = Release|Any CPU
		{85F5317B-BD70-4889-95B1-214E7A01E292}.Release|ARM64.Build.0 = Release|Any CPU
		{85F5317B-BD70-4889-95B1-214E7A01E292}.Release|x64.ActiveCfg = Release|Any CPU
		{85F5317B-BD70-4889-95B1-214E7A01E292}.Release|x64.Build.0 = Release|Any CPU
		{85F5317B-BD70-4889-95B1-214E7A01E292}.Release|x86.ActiveCfg = Release|Any CPU
		{85F5317B-BD70-4889-95B1-214E7A01E292}.Release|x86.Build.0 = Release|Any CPU
		{B6CAACC3-7B11-4EF6-9D0F-742B0FC57A80}.Debug|Any CPU.ActiveCfg = Debug|Any CPU
		{B6CAACC3-7B11-4EF6-9D0F-742B0FC57A80}.Debug|Any CPU.Build.0 = Debug|Any CPU
		{B6CAACC3-7B11-4EF6-9D0F-742B0FC57A80}.Debug|ARM.ActiveCfg = Debug|Any CPU
		{B6CAACC3-7B11-4EF6-9D0F-742B0FC57A80}.Debug|ARM.Build.0 = Debug|Any CPU
		{B6CAACC3-7B11-4EF6-9D0F-742B0FC57A80}.Debug|ARM64.ActiveCfg = Debug|Any CPU
		{B6CAACC3-7B11-4EF6-9D0F-742B0FC57A80}.Debug|ARM64.Build.0 = Debug|Any CPU
		{B6CAACC3-7B11-4EF6-9D0F-742B0FC57A80}.Debug|x64.ActiveCfg = Debug|Any CPU
		{B6CAACC3-7B11-4EF6-9D0F-742B0FC57A80}.Debug|x64.Build.0 = Debug|Any CPU
		{B6CAACC3-7B11-4EF6-9D0F-742B0FC57A80}.Debug|x86.ActiveCfg = Debug|Any CPU
		{B6CAACC3-7B11-4EF6-9D0F-742B0FC57A80}.Debug|x86.Build.0 = Debug|Any CPU
		{B6CAACC3-7B11-4EF6-9D0F-742B0FC57A80}.Release|Any CPU.ActiveCfg = Release|Any CPU
		{B6CAACC3-7B11-4EF6-9D0F-742B0FC57A80}.Release|Any CPU.Build.0 = Release|Any CPU
		{B6CAACC3-7B11-4EF6-9D0F-742B0FC57A80}.Release|ARM.ActiveCfg = Release|Any CPU
		{B6CAACC3-7B11-4EF6-9D0F-742B0FC57A80}.Release|ARM.Build.0 = Release|Any CPU
		{B6CAACC3-7B11-4EF6-9D0F-742B0FC57A80}.Release|ARM64.ActiveCfg = Release|Any CPU
		{B6CAACC3-7B11-4EF6-9D0F-742B0FC57A80}.Release|ARM64.Build.0 = Release|Any CPU
		{B6CAACC3-7B11-4EF6-9D0F-742B0FC57A80}.Release|x64.ActiveCfg = Release|Any CPU
		{B6CAACC3-7B11-4EF6-9D0F-742B0FC57A80}.Release|x64.Build.0 = Release|Any CPU
		{B6CAACC3-7B11-4EF6-9D0F-742B0FC57A80}.Release|x86.ActiveCfg = Release|Any CPU
		{B6CAACC3-7B11-4EF6-9D0F-742B0FC57A80}.Release|x86.Build.0 = Release|Any CPU
	EndGlobalSection
	GlobalSection(SolutionProperties) = preSolution
		HideSolutionNode = FALSE
	EndGlobalSection
	GlobalSection(ExtensibilityGlobals) = postSolution
		SolutionGuid = {6A122370-0534-40C9-A003-ECCB3937F575}
	EndGlobalSection
EndGlobal
